
Microsoft Visual Studio Solution File, Format Version 12.00
# Visual Studio Version 17
VisualStudioVersion = 17.14.36301.6 d17.14
MinimumVisualStudioVersion = 10.0.40219.1
Project("{FAE04EC0-301F-11D3-BF4B-00C04F79EFBC}") = "c#practice", "c#practice.csproj", "{A669C5E2-E80C-46DC-8644-25B59396FDFF}"
EndProject
Global
	GlobalSection(SolutionConfigurationPlatforms) = preSolution
		Debug|Any CPU = Debug|Any CPU
		Release|Any CPU = Release|Any CPU
	EndGlobalSection
	GlobalSection(ProjectConfigurationPlatforms) = postSolution
		{A669C5E2-E80C-46DC-8644-25B59396FDFF}.Debug|Any CPU.ActiveCfg = Debug|Any CPU
		{A669C5E2-E80C-46DC-8644-25B59396FDFF}.Debug|Any CPU.Build.0 = Debug|Any CPU
		{A669C5E2-E80C-46DC-8644-25B59396FDFF}.Release|Any CPU.ActiveCfg = Release|Any CPU
		{A669C5E2-E80C-46DC-8644-25B59396FDFF}.Release|Any CPU.Build.0 = Release|Any CPU
	EndGlobalSection
	GlobalSection(SolutionProperties) = preSolution
		HideSolutionNode = FALSE
	EndGlobalSection
	GlobalSection(ExtensibilityGlobals) = postSolution
		SolutionGuid = {7A8CDE49-6050-459B-8B4E-C39343F770F1}
	EndGlobalSection
EndGlobal
