
Microsoft Visual Studio Solution File, Format Version 12.00
# Visual Studio Version 17
VisualStudioVersion = 17.14.36301.6 d17.14
MinimumVisualStudioVersion = 10.0.40219.1
Project("{FAE04EC0-301F-11D3-BF4B-00C04F79EFBC}") = "7.tasks", "7.tasks.csproj", "{3BAB8E00-1D59-40E6-BC20-A1BCB883429A}"
EndProject
Global
	GlobalSection(SolutionConfigurationPlatforms) = preSolution
		Debug|Any CPU = Debug|Any CPU
		Release|Any CPU = Release|Any CPU
	EndGlobalSection
	GlobalSection(ProjectConfigurationPlatforms) = postSolution
		{3BAB8E00-1D59-40E6-BC20-A1BCB883429A}.Debug|Any CPU.ActiveCfg = Debug|Any CPU
		{3BAB8E00-1D59-40E6-BC20-A1BCB883429A}.Debug|Any CPU.Build.0 = Debug|Any CPU
		{3BAB8E00-1D59-40E6-BC20-A1BCB883429A}.Release|Any CPU.ActiveCfg = Release|Any CPU
		{3BAB8E00-1D59-40E6-BC20-A1BCB883429A}.Release|Any CPU.Build.0 = Release|Any CPU
	EndGlobalSection
	GlobalSection(SolutionProperties) = preSolution
		HideSolutionNode = FALSE
	EndGlobalSection
	GlobalSection(ExtensibilityGlobals) = postSolution
		SolutionGuid = {32D7E639-F185-4D1D-8F9C-FB5924EEB4CC}
	EndGlobalSection
EndGlobal
